%{"elli": {:git, "https://github.com/knutin/elli.git", "d3a54c059c415b843e9ab27cb5ab134dc113262f", []},
  "elli_websocket": {:git, "https://github.com/zampino/elli_websocket.git", "984deab5453b1a65ccdc561a9fb7f5cbbf5b31de", [branch: "fix_erlang_otp_18_record_type"]},
  "hackney": {:hex, :hackney, "1.3.2"},
  "idna": {:hex, :idna, "1.0.2"},
  "meck": {:hex, :meck, "0.8.2"},
  "mock": {:hex, :mock, "0.1.1"},
  "plug": {:git, "https://github.com/elixir-lang/plug.git", "576c04c2cba778f1ac9ca28aa71c50efa1046b50", []},
  "ssl_verify_hostname": {:hex, :ssl_verify_hostname, "1.0.5"}}
